
Microsoft Visual Studio Solution File, Format Version 12.00
# Visual Studio 14
VisualStudioVersion = 14.0.25420.1
MinimumVisualStudioVersion = 10.0.40219.1
Project("{FAE04EC0-301F-11D3-BF4B-00C04F79EFBC}") = "Exercicio_Lampada", "Aula5\Exercicio_Lampada.csproj", "{108270C9-3C30-4E26-9933-798D9A6FFCFF}"
EndProject
Project("{FAE04EC0-301F-11D3-BF4B-00C04F79EFBC}") = "Aluno", "Aluno\Aluno.csproj", "{C4F0CC19-2414-4B25-8F35-68A5FEDEBF81}"
EndProject
Project("{FAE04EC0-301F-11D3-BF4B-00C04F79EFBC}") = "Exercicio_Temperatura", "Exercicio_Temperatura\Exercicio_Temperatura.csproj", "{0B6A2956-8FF3-41F1-84E2-7A43A773FDC1}"
EndProject
Global
	GlobalSection(SolutionConfigurationPlatforms) = preSolution
		Debug|Any CPU = Debug|Any CPU
		Release|Any CPU = Release|Any CPU
	EndGlobalSection
	GlobalSection(ProjectConfigurationPlatforms) = postSolution
		{108270C9-3C30-4E26-9933-798D9A6FFCFF}.Debug|Any CPU.ActiveCfg = Debug|Any CPU
		{108270C9-3C30-4E26-9933-798D9A6FFCFF}.Debug|Any CPU.Build.0 = Debug|Any CPU
		{108270C9-3C30-4E26-9933-798D9A6FFCFF}.Release|Any CPU.ActiveCfg = Release|Any CPU
		{108270C9-3C30-4E26-9933-798D9A6FFCFF}.Release|Any CPU.Build.0 = Release|Any CPU
		{C4F0CC19-2414-4B25-8F35-68A5FEDEBF81}.Debug|Any CPU.ActiveCfg = Debug|Any CPU
		{C4F0CC19-2414-4B25-8F35-68A5FEDEBF81}.Debug|Any CPU.Build.0 = Debug|Any CPU
		{C4F0CC19-2414-4B25-8F35-68A5FEDEBF81}.Release|Any CPU.ActiveCfg = Release|Any CPU
		{C4F0CC19-2414-4B25-8F35-68A5FEDEBF81}.Release|Any CPU.Build.0 = Release|Any CPU
		{0B6A2956-8FF3-41F1-84E2-7A43A773FDC1}.Debug|Any CPU.ActiveCfg = Debug|Any CPU
		{0B6A2956-8FF3-41F1-84E2-7A43A773FDC1}.Debug|Any CPU.Build.0 = Debug|Any CPU
		{0B6A2956-8FF3-41F1-84E2-7A43A773FDC1}.Release|Any CPU.ActiveCfg = Release|Any CPU
		{0B6A2956-8FF3-41F1-84E2-7A43A773FDC1}.Release|Any CPU.Build.0 = Release|Any CPU
	EndGlobalSection
	GlobalSection(SolutionProperties) = preSolution
		HideSolutionNode = FALSE
	EndGlobalSection
EndGlobal
