
Microsoft Visual Studio Solution File, Format Version 12.00
# Visual Studio 14
VisualStudioVersion = 14.0.25420.1
MinimumVisualStudioVersion = 10.0.40219.1
Project("{FAE04EC0-301F-11D3-BF4B-00C04F79EFBC}") = "Aula2", "Aula2\Aula2.csproj", "{9D31F0EB-F03D-4FD4-8526-7B8B4EA24735}"
EndProject
Project("{FAE04EC0-301F-11D3-BF4B-00C04F79EFBC}") = "Ola", "Ola\Ola.csproj", "{2D3E76B8-652E-4D8F-8F74-DACC8C6F165F}"
EndProject
Project("{FAE04EC0-301F-11D3-BF4B-00C04F79EFBC}") = "Exercicio1", "Exercicio1\Exercicio1.csproj", "{D3995BCA-8CA2-4C9D-B32A-E3F72A8007CE}"
EndProject
Project("{FAE04EC0-301F-11D3-BF4B-00C04F79EFBC}") = "Exercicio 2", "Exercicio 2\Exercicio 2.csproj", "{5E8DDD6A-738A-4BEC-8B29-990D5FF3889F}"
EndProject
Project("{FAE04EC0-301F-11D3-BF4B-00C04F79EFBC}") = "Exercicio 3", "Exercicio 3\Exercicio 3.csproj", "{E202EB49-28D5-4075-9ECF-892C081893C2}"
EndProject
Global
	GlobalSection(SolutionConfigurationPlatforms) = preSolution
		Debug|Any CPU = Debug|Any CPU
		Release|Any CPU = Release|Any CPU
	EndGlobalSection
	GlobalSection(ProjectConfigurationPlatforms) = postSolution
		{9D31F0EB-F03D-4FD4-8526-7B8B4EA24735}.Debug|Any CPU.ActiveCfg = Debug|Any CPU
		{9D31F0EB-F03D-4FD4-8526-7B8B4EA24735}.Debug|Any CPU.Build.0 = Debug|Any CPU
		{9D31F0EB-F03D-4FD4-8526-7B8B4EA24735}.Release|Any CPU.ActiveCfg = Release|Any CPU
		{9D31F0EB-F03D-4FD4-8526-7B8B4EA24735}.Release|Any CPU.Build.0 = Release|Any CPU
		{2D3E76B8-652E-4D8F-8F74-DACC8C6F165F}.Debug|Any CPU.ActiveCfg = Debug|Any CPU
		{2D3E76B8-652E-4D8F-8F74-DACC8C6F165F}.Debug|Any CPU.Build.0 = Debug|Any CPU
		{2D3E76B8-652E-4D8F-8F74-DACC8C6F165F}.Release|Any CPU.ActiveCfg = Release|Any CPU
		{2D3E76B8-652E-4D8F-8F74-DACC8C6F165F}.Release|Any CPU.Build.0 = Release|Any CPU
		{D3995BCA-8CA2-4C9D-B32A-E3F72A8007CE}.Debug|Any CPU.ActiveCfg = Debug|Any CPU
		{D3995BCA-8CA2-4C9D-B32A-E3F72A8007CE}.Debug|Any CPU.Build.0 = Debug|Any CPU
		{D3995BCA-8CA2-4C9D-B32A-E3F72A8007CE}.Release|Any CPU.ActiveCfg = Release|Any CPU
		{D3995BCA-8CA2-4C9D-B32A-E3F72A8007CE}.Release|Any CPU.Build.0 = Release|Any CPU
		{5E8DDD6A-738A-4BEC-8B29-990D5FF3889F}.Debug|Any CPU.ActiveCfg = Debug|Any CPU
		{5E8DDD6A-738A-4BEC-8B29-990D5FF3889F}.Debug|Any CPU.Build.0 = Debug|Any CPU
		{5E8DDD6A-738A-4BEC-8B29-990D5FF3889F}.Release|Any CPU.ActiveCfg = Release|Any CPU
		{5E8DDD6A-738A-4BEC-8B29-990D5FF3889F}.Release|Any CPU.Build.0 = Release|Any CPU
		{E202EB49-28D5-4075-9ECF-892C081893C2}.Debug|Any CPU.ActiveCfg = Debug|Any CPU
		{E202EB49-28D5-4075-9ECF-892C081893C2}.Debug|Any CPU.Build.0 = Debug|Any CPU
		{E202EB49-28D5-4075-9ECF-892C081893C2}.Release|Any CPU.ActiveCfg = Release|Any CPU
		{E202EB49-28D5-4075-9ECF-892C081893C2}.Release|Any CPU.Build.0 = Release|Any CPU
	EndGlobalSection
	GlobalSection(SolutionProperties) = preSolution
		HideSolutionNode = FALSE
	EndGlobalSection
EndGlobal
