
Microsoft Visual Studio Solution File, Format Version 12.00
# Visual Studio 14
VisualStudioVersion = 14.0.25420.1
MinimumVisualStudioVersion = 10.0.40219.1
Project("{FAE04EC0-301F-11D3-BF4B-00C04F79EFBC}") = "ConverterTemperatura", "ConverterTemperatura\ConverterTemperatura.csproj", "{4195C8B0-056B-405D-A93B-4545B87E9F5E}"
EndProject
Project("{FAE04EC0-301F-11D3-BF4B-00C04F79EFBC}") = "CalculoDeAreaPerimetroRetangulo", "CalculoDeAreaPerimetro\CalculoDeAreaPerimetroRetangulo.csproj", "{C5A53D79-CE45-47C3-AA82-071AFC32DEDE}"
EndProject
Project("{FAE04EC0-301F-11D3-BF4B-00C04F79EFBC}") = "MediaAluno", "..\MediaAluno\MediaAluno\MediaAluno.csproj", "{021099A0-4654-44D6-9EDB-213B016C8CC1}"
EndProject
Global
	GlobalSection(SolutionConfigurationPlatforms) = preSolution
		Debug|Any CPU = Debug|Any CPU
		Release|Any CPU = Release|Any CPU
	EndGlobalSection
	GlobalSection(ProjectConfigurationPlatforms) = postSolution
		{4195C8B0-056B-405D-A93B-4545B87E9F5E}.Debug|Any CPU.ActiveCfg = Debug|Any CPU
		{4195C8B0-056B-405D-A93B-4545B87E9F5E}.Debug|Any CPU.Build.0 = Debug|Any CPU
		{4195C8B0-056B-405D-A93B-4545B87E9F5E}.Release|Any CPU.ActiveCfg = Release|Any CPU
		{4195C8B0-056B-405D-A93B-4545B87E9F5E}.Release|Any CPU.Build.0 = Release|Any CPU
		{C5A53D79-CE45-47C3-AA82-071AFC32DEDE}.Debug|Any CPU.ActiveCfg = Debug|Any CPU
		{C5A53D79-CE45-47C3-AA82-071AFC32DEDE}.Debug|Any CPU.Build.0 = Debug|Any CPU
		{C5A53D79-CE45-47C3-AA82-071AFC32DEDE}.Release|Any CPU.ActiveCfg = Release|Any CPU
		{C5A53D79-CE45-47C3-AA82-071AFC32DEDE}.Release|Any CPU.Build.0 = Release|Any CPU
		{021099A0-4654-44D6-9EDB-213B016C8CC1}.Debug|Any CPU.ActiveCfg = Debug|Any CPU
		{021099A0-4654-44D6-9EDB-213B016C8CC1}.Debug|Any CPU.Build.0 = Debug|Any CPU
		{021099A0-4654-44D6-9EDB-213B016C8CC1}.Release|Any CPU.ActiveCfg = Release|Any CPU
		{021099A0-4654-44D6-9EDB-213B016C8CC1}.Release|Any CPU.Build.0 = Release|Any CPU
	EndGlobalSection
	GlobalSection(SolutionProperties) = preSolution
		HideSolutionNode = FALSE
	EndGlobalSection
EndGlobal
