
Microsoft Visual Studio Solution File, Format Version 12.00
# Visual Studio 14
VisualStudioVersion = 14.0.25420.1
MinimumVisualStudioVersion = 10.0.40219.1
Project("{FAE04EC0-301F-11D3-BF4B-00C04F79EFBC}") = "Vetor_Lista", "Aula 7\Vetor_Lista.csproj", "{A126A028-8DC3-4AB4-AE90-7A3810824F01}"
EndProject
Project("{FAE04EC0-301F-11D3-BF4B-00C04F79EFBC}") = "Dias_do_Mes_do_Ano", "Dias_do_Mes_do_Ano\Dias_do_Mes_do_Ano.csproj", "{AF210B97-448E-49A0-AE05-68E2F62F692E}"
EndProject
Global
	GlobalSection(SolutionConfigurationPlatforms) = preSolution
		Debug|Any CPU = Debug|Any CPU
		Release|Any CPU = Release|Any CPU
	EndGlobalSection
	GlobalSection(ProjectConfigurationPlatforms) = postSolution
		{A126A028-8DC3-4AB4-AE90-7A3810824F01}.Debug|Any CPU.ActiveCfg = Debug|Any CPU
		{A126A028-8DC3-4AB4-AE90-7A3810824F01}.Debug|Any CPU.Build.0 = Debug|Any CPU
		{A126A028-8DC3-4AB4-AE90-7A3810824F01}.Release|Any CPU.ActiveCfg = Release|Any CPU
		{A126A028-8DC3-4AB4-AE90-7A3810824F01}.Release|Any CPU.Build.0 = Release|Any CPU
		{AF210B97-448E-49A0-AE05-68E2F62F692E}.Debug|Any CPU.ActiveCfg = Debug|Any CPU
		{AF210B97-448E-49A0-AE05-68E2F62F692E}.Debug|Any CPU.Build.0 = Debug|Any CPU
		{AF210B97-448E-49A0-AE05-68E2F62F692E}.Release|Any CPU.ActiveCfg = Release|Any CPU
		{AF210B97-448E-49A0-AE05-68E2F62F692E}.Release|Any CPU.Build.0 = Release|Any CPU
	EndGlobalSection
	GlobalSection(SolutionProperties) = preSolution
		HideSolutionNode = FALSE
	EndGlobalSection
EndGlobal
